Microsoft Visual Studio Solution File, Format Version 12.00
# Visual Studio Version 16
VisualStudioVersion = 16.0.29009.5
MinimumVisualStudioVersion = 10.0.40219.1
Project("{9A19103F-16F7-4668-BE54-9A1E7A4F7556}") = "ExhibitorModule", "src\ExhibitorModule\ExhibitorModule.csproj", "{2B0DDBA5-2550-4A7F-A4FF-5667FE2CFCF1}"
EndProject
Project("{FAE04EC0-301F-11D3-BF4B-00C04F79EFBC}") = "ExhibitorModule.Droid", "src\ExhibitorModule.Droid\ExhibitorModule.Droid.csproj", "{3DE5A141-CA14-4CB9-85EB-F6EF173216FB}"
EndProject
Project("{FAE04EC0-301F-11D3-BF4B-00C04F79EFBC}") = "ExhibitorModule.iOS", "src\ExhibitorModule.iOS\ExhibitorModule.iOS.csproj", "{AB4F66FB-8412-4B06-8BBD-51AEEF44594C}"
EndProject
Project("{2150E333-8FDC-42A3-9474-1A3956D46DE8}") = "Platforms", "Platforms", "{BD483B8E-2A32-4D46-BE71-CA8AB697EC9A}"
EndProject
Project("{9A19103F-16F7-4668-BE54-9A1E7A4F7556}") = "ExhibitorModule.Core", "src\ExhibitorModule.Core\ExhibitorModule.Core.csproj", "{C96E1C13-6251-4306-83BC-F458F516F54F}"
EndProject
Global
	GlobalSection(SolutionConfigurationPlatforms) = preSolution
		Ad-Hoc|Any CPU = Ad-Hoc|Any CPU
		Ad-Hoc|iPhone = Ad-Hoc|iPhone
		Ad-Hoc|iPhoneSimulator = Ad-Hoc|iPhoneSimulator
		AppStore|Any CPU = AppStore|Any CPU
		AppStore|iPhone = AppStore|iPhone
		AppStore|iPhoneSimulator = AppStore|iPhoneSimulator
		Debug|Any CPU = Debug|Any CPU
		Debug|iPhone = Debug|iPhone
		Debug|iPhoneSimulator = Debug|iPhoneSimulator
		Mock|Any CPU = Mock|Any CPU
		Mock|iPhone = Mock|iPhone
		Mock|iPhoneSimulator = Mock|iPhoneSimulator
		Release|Any CPU = Release|Any CPU
		Release|iPhone = Release|iPhone
		Release|iPhoneSimulator = Release|iPhoneSimulator
	EndGlobalSection
	GlobalSection(ProjectConfigurationPlatforms) = postSolution
		{2B0DDBA5-2550-4A7F-A4FF-5667FE2CFCF1}.Ad-Hoc|Any CPU.ActiveCfg = Release|Any CPU
		{2B0DDBA5-2550-4A7F-A4FF-5667FE2CFCF1}.Ad-Hoc|Any CPU.Build.0 = Release|Any CPU
		{2B0DDBA5-2550-4A7F-A4FF-5667FE2CFCF1}.Ad-Hoc|iPhone.ActiveCfg = Debug|Any CPU
		{2B0DDBA5-2550-4A7F-A4FF-5667FE2CFCF1}.Ad-Hoc|iPhone.Build.0 = Debug|Any CPU
		{2B0DDBA5-2550-4A7F-A4FF-5667FE2CFCF1}.Ad-Hoc|iPhoneSimulator.ActiveCfg = Release|Any CPU
		{2B0DDBA5-2550-4A7F-A4FF-5667FE2CFCF1}.Ad-Hoc|iPhoneSimulator.Build.0 = Release|Any CPU
		{2B0DDBA5-2550-4A7F-A4FF-5667FE2CFCF1}.AppStore|Any CPU.ActiveCfg = Release|Any CPU
		{2B0DDBA5-2550-4A7F-A4FF-5667FE2CFCF1}.AppStore|Any CPU.Build.0 = Release|Any CPU
		{2B0DDBA5-2550-4A7F-A4FF-5667FE2CFCF1}.AppStore|iPhone.ActiveCfg = Debug|Any CPU
		{2B0DDBA5-2550-4A7F-A4FF-5667FE2CFCF1}.AppStore|iPhone.Build.0 = Debug|Any CPU
		{2B0DDBA5-2550-4A7F-A4FF-5667FE2CFCF1}.AppStore|iPhoneSimulator.ActiveCfg = Release|Any CPU
		{2B0DDBA5-2550-4A7F-A4FF-5667FE2CFCF1}.AppStore|iPhoneSimulator.Build.0 = Release|Any CPU
		{2B0DDBA5-2550-4A7F-A4FF-5667FE2CFCF1}.Debug|Any CPU.ActiveCfg = Debug|Any CPU
		{2B0DDBA5-2550-4A7F-A4FF-5667FE2CFCF1}.Debug|Any CPU.Build.0 = Debug|Any CPU
		{2B0DDBA5-2550-4A7F-A4FF-5667FE2CFCF1}.Debug|iPhone.ActiveCfg = Debug|Any CPU
		{2B0DDBA5-2550-4A7F-A4FF-5667FE2CFCF1}.Debug|iPhone.Build.0 = Debug|Any CPU
		{2B0DDBA5-2550-4A7F-A4FF-5667FE2CFCF1}.Debug|iPhoneSimulator.ActiveCfg = Debug|Any CPU
		{2B0DDBA5-2550-4A7F-A4FF-5667FE2CFCF1}.Debug|iPhoneSimulator.Build.0 = Debug|Any CPU
		{2B0DDBA5-2550-4A7F-A4FF-5667FE2CFCF1}.Mock|Any CPU.ActiveCfg = Release|Any CPU
		{2B0DDBA5-2550-4A7F-A4FF-5667FE2CFCF1}.Mock|Any CPU.Build.0 = Release|Any CPU
		{2B0DDBA5-2550-4A7F-A4FF-5667FE2CFCF1}.Mock|iPhone.ActiveCfg = Release|Any CPU
		{2B0DDBA5-2550-4A7F-A4FF-5667FE2CFCF1}.Mock|iPhone.Build.0 = Release|Any CPU
		{2B0DDBA5-2550-4A7F-A4FF-5667FE2CFCF1}.Mock|iPhoneSimulator.ActiveCfg = Release|Any CPU
		{2B0DDBA5-2550-4A7F-A4FF-5667FE2CFCF1}.Mock|iPhoneSimulator.Build.0 = Release|Any CPU
		{2B0DDBA5-2550-4A7F-A4FF-5667FE2CFCF1}.Release|Any CPU.ActiveCfg = Release|Any CPU
		{2B0DDBA5-2550-4A7F-A4FF-5667FE2CFCF1}.Release|Any CPU.Build.0 = Release|Any CPU
		{2B0DDBA5-2550-4A7F-A4FF-5667FE2CFCF1}.Release|iPhone.ActiveCfg = Release|Any CPU
		{2B0DDBA5-2550-4A7F-A4FF-5667FE2CFCF1}.Release|iPhone.Build.0 = Release|Any CPU
		{2B0DDBA5-2550-4A7F-A4FF-5667FE2CFCF1}.Release|iPhoneSimulator.ActiveCfg = Release|Any CPU
		{2B0DDBA5-2550-4A7F-A4FF-5667FE2CFCF1}.Release|iPhoneSimulator.Build.0 = Release|Any CPU
		{3DE5A141-CA14-4CB9-85EB-F6EF173216FB}.Ad-Hoc|Any CPU.ActiveCfg = Release|Any CPU
		{3DE5A141-CA14-4CB9-85EB-F6EF173216FB}.Ad-Hoc|Any CPU.Build.0 = Release|Any CPU
		{3DE5A141-CA14-4CB9-85EB-F6EF173216FB}.Ad-Hoc|Any CPU.Deploy.0 = Release|Any CPU
		{3DE5A141-CA14-4CB9-85EB-F6EF173216FB}.Ad-Hoc|iPhone.ActiveCfg = Debug|Any CPU
		{3DE5A141-CA14-4CB9-85EB-F6EF173216FB}.Ad-Hoc|iPhone.Build.0 = Debug|Any CPU
		{3DE5A141-CA14-4CB9-85EB-F6EF173216FB}.Ad-Hoc|iPhoneSimulator.ActiveCfg = Release|Any CPU
		{3DE5A141-CA14-4CB9-85EB-F6EF173216FB}.Ad-Hoc|iPhoneSimulator.Build.0 = Release|Any CPU
		{3DE5A141-CA14-4CB9-85EB-F6EF173216FB}.Ad-Hoc|iPhoneSimulator.Deploy.0 = Release|Any CPU
		{3DE5A141-CA14-4CB9-85EB-F6EF173216FB}.AppStore|Any CPU.ActiveCfg = Release|Any CPU
		{3DE5A141-CA14-4CB9-85EB-F6EF173216FB}.AppStore|Any CPU.Build.0 = Release|Any CPU
		{3DE5A141-CA14-4CB9-85EB-F6EF173216FB}.AppStore|Any CPU.Deploy.0 = Release|Any CPU
		{3DE5A141-CA14-4CB9-85EB-F6EF173216FB}.AppStore|iPhone.ActiveCfg = Debug|Any CPU
		{3DE5A141-CA14-4CB9-85EB-F6EF173216FB}.AppStore|iPhone.Build.0 = Debug|Any CPU
		{3DE5A141-CA14-4CB9-85EB-F6EF173216FB}.AppStore|iPhoneSimulator.ActiveCfg = Release|Any CPU
		{3DE5A141-CA14-4CB9-85EB-F6EF173216FB}.AppStore|iPhoneSimulator.Build.0 = Release|Any CPU
		{3DE5A141-CA14-4CB9-85EB-F6EF173216FB}.AppStore|iPhoneSimulator.Deploy.0 = Release|Any CPU
		{3DE5A141-CA14-4CB9-85EB-F6EF173216FB}.Debug|Any CPU.ActiveCfg = Debug|Any CPU
		{3DE5A141-CA14-4CB9-85EB-F6EF173216FB}.Debug|Any CPU.Build.0 = Debug|Any CPU
		{3DE5A141-CA14-4CB9-85EB-F6EF173216FB}.Debug|iPhone.ActiveCfg = Debug|Any CPU
		{3DE5A141-CA14-4CB9-85EB-F6EF173216FB}.Debug|iPhoneSimulator.ActiveCfg = Debug|Any CPU
		{3DE5A141-CA14-4CB9-85EB-F6EF173216FB}.Debug|iPhoneSimulator.Build.0 = Debug|Any CPU
		{3DE5A141-CA14-4CB9-85EB-F6EF173216FB}.Mock|Any CPU.ActiveCfg = Mock|Any CPU
		{3DE5A141-CA14-4CB9-85EB-F6EF173216FB}.Mock|Any CPU.Build.0 = Mock|Any CPU
		{3DE5A141-CA14-4CB9-85EB-F6EF173216FB}.Mock|iPhone.ActiveCfg = Mock|Any CPU
		{3DE5A141-CA14-4CB9-85EB-F6EF173216FB}.Mock|iPhone.Build.0 = Mock|Any CPU
		{3DE5A141-CA14-4CB9-85EB-F6EF173216FB}.Mock|iPhoneSimulator.ActiveCfg = Mock|Any CPU
		{3DE5A141-CA14-4CB9-85EB-F6EF173216FB}.Mock|iPhoneSimulator.Build.0 = Mock|Any CPU
		{3DE5A141-CA14-4CB9-85EB-F6EF173216FB}.Release|Any CPU.ActiveCfg = Release|Any CPU
		{3DE5A141-CA14-4CB9-85EB-F6EF173216FB}.Release|Any CPU.Build.0 = Release|Any CPU
		{3DE5A141-CA14-4CB9-85EB-F6EF173216FB}.Release|iPhone.ActiveCfg = Release|Any CPU
		{3DE5A141-CA14-4CB9-85EB-F6EF173216FB}.Release|iPhoneSimulator.ActiveCfg = Release|Any CPU
		{3DE5A141-CA14-4CB9-85EB-F6EF173216FB}.Release|iPhoneSimulator.Build.0 = Release|Any CPU
		{AB4F66FB-8412-4B06-8BBD-51AEEF44594C}.Ad-Hoc|Any CPU.ActiveCfg = Ad-Hoc|iPhoneSimulator
		{AB4F66FB-8412-4B06-8BBD-51AEEF44594C}.Ad-Hoc|iPhone.ActiveCfg = Ad-Hoc|iPhone
		{AB4F66FB-8412-4B06-8BBD-51AEEF44594C}.Ad-Hoc|iPhone.Build.0 = Ad-Hoc|iPhone
		{AB4F66FB-8412-4B06-8BBD-51AEEF44594C}.Ad-Hoc|iPhoneSimulator.ActiveCfg = Ad-Hoc|iPhoneSimulator
		{AB4F66FB-8412-4B06-8BBD-51AEEF44594C}.Ad-Hoc|iPhoneSimulator.Build.0 = Ad-Hoc|iPhoneSimulator
		{AB4F66FB-8412-4B06-8BBD-51AEEF44594C}.AppStore|Any CPU.ActiveCfg = AppStore|iPhoneSimulator
		{AB4F66FB-8412-4B06-8BBD-51AEEF44594C}.AppStore|iPhone.ActiveCfg = AppStore|iPhone
		{AB4F66FB-8412-4B06-8BBD-51AEEF44594C}.AppStore|iPhone.Build.0 = AppStore|iPhone
		{AB4F66FB-8412-4B06-8BBD-51AEEF44594C}.AppStore|iPhoneSimulator.ActiveCfg = AppStore|iPhoneSimulator
		{AB4F66FB-8412-4B06-8BBD-51AEEF44594C}.AppStore|iPhoneSimulator.Build.0 = AppStore|iPhoneSimulator
		{AB4F66FB-8412-4B06-8BBD-51AEEF44594C}.Debug|Any CPU.ActiveCfg = Debug|iPhoneSimulator
		{AB4F66FB-8412-4B06-8BBD-51AEEF44594C}.Debug|Any CPU.Build.0 = Debug|iPhoneSimulator
		{AB4F66FB-8412-4B06-8BBD-51AEEF44594C}.Debug|iPhone.ActiveCfg = Debug|iPhone
		{AB4F66FB-8412-4B06-8BBD-51AEEF44594C}.Debug|iPhone.Build.0 = Debug|iPhone
		{AB4F66FB-8412-4B06-8BBD-51AEEF44594C}.Debug|iPhoneSimulator.ActiveCfg = Debug|iPhoneSimulator
		{AB4F66FB-8412-4B06-8BBD-51AEEF44594C}.Debug|iPhoneSimulator.Build.0 = Debug|iPhoneSimulator
		{AB4F66FB-8412-4B06-8BBD-51AEEF44594C}.Mock|Any CPU.ActiveCfg = Mock|iPhoneSimulator
		{AB4F66FB-8412-4B06-8BBD-51AEEF44594C}.Mock|Any CPU.Build.0 = Mock|iPhoneSimulator
		{AB4F66FB-8412-4B06-8BBD-51AEEF44594C}.Mock|iPhone.ActiveCfg = Mock|iPhone
		{AB4F66FB-8412-4B06-8BBD-51AEEF44594C}.Mock|iPhone.Build.0 = Mock|iPhone
		{AB4F66FB-8412-4B06-8BBD-51AEEF44594C}.Mock|iPhoneSimulator.ActiveCfg = Mock|iPhoneSimulator
		{AB4F66FB-8412-4B06-8BBD-51AEEF44594C}.Mock|iPhoneSimulator.Build.0 = Mock|iPhoneSimulator
		{AB4F66FB-8412-4B06-8BBD-51AEEF44594C}.Release|Any CPU.ActiveCfg = Release|iPhoneSimulator
		{AB4F66FB-8412-4B06-8BBD-51AEEF44594C}.Release|iPhone.ActiveCfg = Release|iPhone
		{AB4F66FB-8412-4B06-8BBD-51AEEF44594C}.Release|iPhone.Build.0 = Release|iPhone
		{AB4F66FB-8412-4B06-8BBD-51AEEF44594C}.Release|iPhoneSimulator.ActiveCfg = Release|iPhoneSimulator
		{AB4F66FB-8412-4B06-8BBD-51AEEF44594C}.Release|iPhoneSimulator.Build.0 = Release|iPhoneSimulator
		{C96E1C13-6251-4306-83BC-F458F516F54F}.Ad-Hoc|Any CPU.ActiveCfg = Debug|Any CPU
		{C96E1C13-6251-4306-83BC-F458F516F54F}.Ad-Hoc|Any CPU.Build.0 = Debug|Any CPU
		{C96E1C13-6251-4306-83BC-F458F516F54F}.Ad-Hoc|iPhone.ActiveCfg = Debug|Any CPU
		{C96E1C13-6251-4306-83BC-F458F516F54F}.Ad-Hoc|iPhone.Build.0 = Debug|Any CPU
		{C96E1C13-6251-4306-83BC-F458F516F54F}.Ad-Hoc|iPhoneSimulator.ActiveCfg = Debug|Any CPU
		{C96E1C13-6251-4306-83BC-F458F516F54F}.Ad-Hoc|iPhoneSimulator.Build.0 = Debug|Any CPU
		{C96E1C13-6251-4306-83BC-F458F516F54F}.AppStore|Any CPU.ActiveCfg = Debug|Any CPU
		{C96E1C13-6251-4306-83BC-F458F516F54F}.AppStore|Any CPU.Build.0 = Debug|Any CPU
		{C96E1C13-6251-4306-83BC-F458F516F54F}.AppStore|iPhone.ActiveCfg = Debug|Any CPU
		{C96E1C13-6251-4306-83BC-F458F516F54F}.AppStore|iPhone.Build.0 = Debug|Any CPU
		{C96E1C13-6251-4306-83BC-F458F516F54F}.AppStore|iPhoneSimulator.ActiveCfg = Debug|Any CPU
		{C96E1C13-6251-4306-83BC-F458F516F54F}.AppStore|iPhoneSimulator.Build.0 = Debug|Any CPU
		{C96E1C13-6251-4306-83BC-F458F516F54F}.Debug|Any CPU.ActiveCfg = Debug|Any CPU
		{C96E1C13-6251-4306-83BC-F458F516F54F}.Debug|Any CPU.Build.0 = Debug|Any CPU
		{C96E1C13-6251-4306-83BC-F458F516F54F}.Debug|iPhone.ActiveCfg = Debug|Any CPU
		{C96E1C13-6251-4306-83BC-F458F516F54F}.Debug|iPhone.Build.0 = Debug|Any CPU
		{C96E1C13-6251-4306-83BC-F458F516F54F}.Debug|iPhoneSimulator.ActiveCfg = Debug|Any CPU
		{C96E1C13-6251-4306-83BC-F458F516F54F}.Debug|iPhoneSimulator.Build.0 = Debug|Any CPU
		{C96E1C13-6251-4306-83BC-F458F516F54F}.Mock|Any CPU.ActiveCfg = Debug|Any CPU
		{C96E1C13-6251-4306-83BC-F458F516F54F}.Mock|Any CPU.Build.0 = Debug|Any CPU
		{C96E1C13-6251-4306-83BC-F458F516F54F}.Mock|iPhone.ActiveCfg = Debug|Any CPU
		{C96E1C13-6251-4306-83BC-F458F516F54F}.Mock|iPhone.Build.0 = Debug|Any CPU
		{C96E1C13-6251-4306-83BC-F458F516F54F}.Mock|iPhoneSimulator.ActiveCfg = Debug|Any CPU
		{C96E1C13-6251-4306-83BC-F458F516F54F}.Mock|iPhoneSimulator.Build.0 = Debug|Any CPU
		{C96E1C13-6251-4306-83BC-F458F516F54F}.Release|Any CPU.ActiveCfg = Release|Any CPU
		{C96E1C13-6251-4306-83BC-F458F516F54F}.Release|Any CPU.Build.0 = Release|Any CPU
		{C96E1C13-6251-4306-83BC-F458F516F54F}.Release|iPhone.ActiveCfg = Release|Any CPU
		{C96E1C13-6251-4306-83BC-F458F516F54F}.Release|iPhone.Build.0 = Release|Any CPU
		{C96E1C13-6251-4306-83BC-F458F516F54F}.Release|iPhoneSimulator.ActiveCfg = Release|Any CPU
		{C96E1C13-6251-4306-83BC-F458F516F54F}.Release|iPhoneSimulator.Build.0 = Release|Any CPU
	EndGlobalSection
	GlobalSection(SolutionProperties) = preSolution
		HideSolutionNode = FALSE
	EndGlobalSection
	GlobalSection(NestedProjects) = preSolution
		{3DE5A141-CA14-4CB9-85EB-F6EF173216FB} = {BD483B8E-2A32-4D46-BE71-CA8AB697EC9A}
		{AB4F66FB-8412-4B06-8BBD-51AEEF44594C} = {BD483B8E-2A32-4D46-BE71-CA8AB697EC9A}
	EndGlobalSection
	GlobalSection(ExtensibilityGlobals) = postSolution
		SolutionGuid = {8BC7F375-ACE4-4D4F-8B7E-4BA62A8AAD8A}
	EndGlobalSection
EndGlobal
