
Microsoft Visual Studio Solution File, Format Version 12.00
# Visual Studio 2012
Project("{FAE04EC0-301F-11D3-BF4B-00C04F79EFBC}") = "ExhibitorModule", "src\ExhibitorModule\ExhibitorModule.csproj", "{2B0DDBA5-2550-4A7F-A4FF-5667FE2CFCF1}"
EndProject
Project("{FAE04EC0-301F-11D3-BF4B-00C04F79EFBC}") = "ExhibitorModule.Droid", "src\ExhibitorModule.Droid\ExhibitorModule.Droid.csproj", "{3DE5A141-CA14-4CB9-85EB-F6EF173216FB}"
EndProject
Project("{FAE04EC0-301F-11D3-BF4B-00C04F79EFBC}") = "ExhibitorModule.iOS", "src\ExhibitorModule.iOS\ExhibitorModule.iOS.csproj", "{AB4F66FB-8412-4B06-8BBD-51AEEF44594C}"
EndProject
Project("{FAE04EC0-301F-11D3-BF4B-00C04F79EFBC}") = "ExhibitorModule.UITests", "tests\ExhibitorModule.UITests\ExhibitorModule.UITests.csproj", "{53D14B26-0147-4EF8-B23B-8E986539E89B}"
EndProject
Project("{FAE04EC0-301F-11D3-BF4B-00C04F79EFBC}") = "ExhibitorModule.Models", "src\ExhibitorModule.Models\ExhibitorModule.Models.csproj", "{505B4CDF-1A6C-47A1-8469-89FA40469EE3}"
EndProject
Project("{FAE04EC0-301F-11D3-BF4B-00C04F79EFBC}") = "ExhibitorModule.Services", "src\ExhibitorModule.Services\ExhibitorModule.Services.csproj", "{EE2916CD-FE7D-4D21-A875-FA7D96C796D2}"
EndProject
Project("{2150E333-8FDC-42A3-9474-1A3956D46DE8}") = "Platforms", "Platforms", "{BD483B8E-2A32-4D46-BE71-CA8AB697EC9A}"
EndProject
Project("{FAE04EC0-301F-11D3-BF4B-00C04F79EFBC}") = "ExhibitorModule.Controls", "src\ExhibitorModule.Controls\ExhibitorModule.Controls.csproj", "{76C1799A-21B4-41AA-94ED-9E131873815D}"
EndProject
Project("{FAE04EC0-301F-11D3-BF4B-00C04F79EFBC}") = "ExhibitorModule.Common", "src\ExhibitorModule.Common\ExhibitorModule.Common.csproj", "{C40267E1-F1FE-4D9C-A589-3B2C07E0785E}"
EndProject
Project("{FAE04EC0-301F-11D3-BF4B-00C04F79EFBC}") = "ExhibitorModule.Data", "src\ExhibitorModule.Data\ExhibitorModule.Data.csproj", "{956664B8-24E9-4680-B4A2-EA26822D2173}"
EndProject
Project("{2150E333-8FDC-42A3-9474-1A3956D46DE8}") = "Tests", "Tests", "{8026BD9E-A8F4-47C1-A6C7-F46DF97A973E}"
EndProject
Project("{FAE04EC0-301F-11D3-BF4B-00C04F79EFBC}") = "ExhibitorModule.UnitTests", "tests\ExhibitorModule.UnitTests\ExhibitorModule.UnitTests.csproj", "{36FD22C3-10B5-4A62-83F7-58FF089A2CB9}"
EndProject
Global
	GlobalSection(SolutionConfigurationPlatforms) = preSolution
		Debug|Any CPU = Debug|Any CPU
		Release|Any CPU = Release|Any CPU
		Mock|Any CPU = Mock|Any CPU
		Debug|iPhoneSimulator = Debug|iPhoneSimulator
		Release|iPhoneSimulator = Release|iPhoneSimulator
		Debug|iPhone = Debug|iPhone
		Release|iPhone = Release|iPhone
		Ad-Hoc|iPhone = Ad-Hoc|iPhone
		AppStore|iPhone = AppStore|iPhone
		Mock|iPhoneSimulator = Mock|iPhoneSimulator
		Mock|iPhone = Mock|iPhone
	EndGlobalSection
	GlobalSection(ProjectConfigurationPlatforms) = postSolution
		{2B0DDBA5-2550-4A7F-A4FF-5667FE2CFCF1}.Debug|Any CPU.ActiveCfg = Debug|Any CPU
		{2B0DDBA5-2550-4A7F-A4FF-5667FE2CFCF1}.Debug|Any CPU.Build.0 = Debug|Any CPU
		{2B0DDBA5-2550-4A7F-A4FF-5667FE2CFCF1}.Release|Any CPU.ActiveCfg = Release|Any CPU
		{2B0DDBA5-2550-4A7F-A4FF-5667FE2CFCF1}.Release|Any CPU.Build.0 = Release|Any CPU
		{2B0DDBA5-2550-4A7F-A4FF-5667FE2CFCF1}.Mock|Any CPU.ActiveCfg = Mock|Any CPU
		{2B0DDBA5-2550-4A7F-A4FF-5667FE2CFCF1}.Mock|Any CPU.Build.0 = Mock|Any CPU
		{2B0DDBA5-2550-4A7F-A4FF-5667FE2CFCF1}.Debug|iPhoneSimulator.ActiveCfg = Debug|Any CPU
		{2B0DDBA5-2550-4A7F-A4FF-5667FE2CFCF1}.Debug|iPhoneSimulator.Build.0 = Debug|Any CPU
		{2B0DDBA5-2550-4A7F-A4FF-5667FE2CFCF1}.Release|iPhoneSimulator.ActiveCfg = Release|Any CPU
		{2B0DDBA5-2550-4A7F-A4FF-5667FE2CFCF1}.Release|iPhoneSimulator.Build.0 = Release|Any CPU
		{2B0DDBA5-2550-4A7F-A4FF-5667FE2CFCF1}.Debug|iPhone.ActiveCfg = Debug|Any CPU
		{2B0DDBA5-2550-4A7F-A4FF-5667FE2CFCF1}.Debug|iPhone.Build.0 = Debug|Any CPU
		{2B0DDBA5-2550-4A7F-A4FF-5667FE2CFCF1}.Release|iPhone.ActiveCfg = Release|Any CPU
		{2B0DDBA5-2550-4A7F-A4FF-5667FE2CFCF1}.Release|iPhone.Build.0 = Release|Any CPU
		{2B0DDBA5-2550-4A7F-A4FF-5667FE2CFCF1}.Ad-Hoc|iPhone.ActiveCfg = Debug|Any CPU
		{2B0DDBA5-2550-4A7F-A4FF-5667FE2CFCF1}.Ad-Hoc|iPhone.Build.0 = Debug|Any CPU
		{2B0DDBA5-2550-4A7F-A4FF-5667FE2CFCF1}.AppStore|iPhone.ActiveCfg = Debug|Any CPU
		{2B0DDBA5-2550-4A7F-A4FF-5667FE2CFCF1}.AppStore|iPhone.Build.0 = Debug|Any CPU
		{2B0DDBA5-2550-4A7F-A4FF-5667FE2CFCF1}.Mock|iPhoneSimulator.ActiveCfg = Mock|Any CPU
		{2B0DDBA5-2550-4A7F-A4FF-5667FE2CFCF1}.Mock|iPhoneSimulator.Build.0 = Mock|Any CPU
		{2B0DDBA5-2550-4A7F-A4FF-5667FE2CFCF1}.Mock|iPhone.ActiveCfg = Mock|Any CPU
		{2B0DDBA5-2550-4A7F-A4FF-5667FE2CFCF1}.Mock|iPhone.Build.0 = Mock|Any CPU
		{3DE5A141-CA14-4CB9-85EB-F6EF173216FB}.Debug|Any CPU.ActiveCfg = Debug|Any CPU
		{3DE5A141-CA14-4CB9-85EB-F6EF173216FB}.Debug|Any CPU.Build.0 = Debug|Any CPU
		{3DE5A141-CA14-4CB9-85EB-F6EF173216FB}.Release|Any CPU.ActiveCfg = Release|Any CPU
		{3DE5A141-CA14-4CB9-85EB-F6EF173216FB}.Release|Any CPU.Build.0 = Release|Any CPU
		{3DE5A141-CA14-4CB9-85EB-F6EF173216FB}.Mock|Any CPU.ActiveCfg = Mock|Any CPU
		{3DE5A141-CA14-4CB9-85EB-F6EF173216FB}.Mock|Any CPU.Build.0 = Mock|Any CPU
		{3DE5A141-CA14-4CB9-85EB-F6EF173216FB}.Debug|iPhoneSimulator.ActiveCfg = Debug|Any CPU
		{3DE5A141-CA14-4CB9-85EB-F6EF173216FB}.Debug|iPhoneSimulator.Build.0 = Debug|Any CPU
		{3DE5A141-CA14-4CB9-85EB-F6EF173216FB}.Release|iPhoneSimulator.ActiveCfg = Release|Any CPU
		{3DE5A141-CA14-4CB9-85EB-F6EF173216FB}.Release|iPhoneSimulator.Build.0 = Release|Any CPU
		{3DE5A141-CA14-4CB9-85EB-F6EF173216FB}.Debug|iPhone.ActiveCfg = Debug|Any CPU
		{3DE5A141-CA14-4CB9-85EB-F6EF173216FB}.Release|iPhone.ActiveCfg = Release|Any CPU
		{3DE5A141-CA14-4CB9-85EB-F6EF173216FB}.Ad-Hoc|iPhone.ActiveCfg = Debug|Any CPU
		{3DE5A141-CA14-4CB9-85EB-F6EF173216FB}.Ad-Hoc|iPhone.Build.0 = Debug|Any CPU
		{3DE5A141-CA14-4CB9-85EB-F6EF173216FB}.AppStore|iPhone.ActiveCfg = Debug|Any CPU
		{3DE5A141-CA14-4CB9-85EB-F6EF173216FB}.AppStore|iPhone.Build.0 = Debug|Any CPU
		{3DE5A141-CA14-4CB9-85EB-F6EF173216FB}.Mock|iPhoneSimulator.ActiveCfg = Mock|Any CPU
		{3DE5A141-CA14-4CB9-85EB-F6EF173216FB}.Mock|iPhoneSimulator.Build.0 = Mock|Any CPU
		{3DE5A141-CA14-4CB9-85EB-F6EF173216FB}.Mock|iPhone.ActiveCfg = Mock|Any CPU
		{3DE5A141-CA14-4CB9-85EB-F6EF173216FB}.Mock|iPhone.Build.0 = Mock|Any CPU
		{AB4F66FB-8412-4B06-8BBD-51AEEF44594C}.Debug|Any CPU.ActiveCfg = Debug|iPhoneSimulator
		{AB4F66FB-8412-4B06-8BBD-51AEEF44594C}.Debug|Any CPU.Build.0 = Debug|iPhoneSimulator
		{AB4F66FB-8412-4B06-8BBD-51AEEF44594C}.Release|Any CPU.ActiveCfg = Release|iPhoneSimulator
		{AB4F66FB-8412-4B06-8BBD-51AEEF44594C}.Mock|Any CPU.ActiveCfg = Mock|iPhoneSimulator
		{AB4F66FB-8412-4B06-8BBD-51AEEF44594C}.Mock|Any CPU.Build.0 = Mock|iPhoneSimulator
		{AB4F66FB-8412-4B06-8BBD-51AEEF44594C}.Debug|iPhoneSimulator.ActiveCfg = Debug|iPhoneSimulator
		{AB4F66FB-8412-4B06-8BBD-51AEEF44594C}.Debug|iPhoneSimulator.Build.0 = Debug|iPhoneSimulator
		{AB4F66FB-8412-4B06-8BBD-51AEEF44594C}.Release|iPhoneSimulator.ActiveCfg = Release|iPhoneSimulator
		{AB4F66FB-8412-4B06-8BBD-51AEEF44594C}.Release|iPhoneSimulator.Build.0 = Release|iPhoneSimulator
		{AB4F66FB-8412-4B06-8BBD-51AEEF44594C}.Debug|iPhone.ActiveCfg = Debug|iPhone
		{AB4F66FB-8412-4B06-8BBD-51AEEF44594C}.Debug|iPhone.Build.0 = Debug|iPhone
		{AB4F66FB-8412-4B06-8BBD-51AEEF44594C}.Release|iPhone.ActiveCfg = Release|iPhone
		{AB4F66FB-8412-4B06-8BBD-51AEEF44594C}.Release|iPhone.Build.0 = Release|iPhone
		{AB4F66FB-8412-4B06-8BBD-51AEEF44594C}.Ad-Hoc|iPhone.ActiveCfg = Ad-Hoc|iPhone
		{AB4F66FB-8412-4B06-8BBD-51AEEF44594C}.Ad-Hoc|iPhone.Build.0 = Ad-Hoc|iPhone
		{AB4F66FB-8412-4B06-8BBD-51AEEF44594C}.AppStore|iPhone.ActiveCfg = AppStore|iPhone
		{AB4F66FB-8412-4B06-8BBD-51AEEF44594C}.AppStore|iPhone.Build.0 = AppStore|iPhone
		{AB4F66FB-8412-4B06-8BBD-51AEEF44594C}.Mock|iPhoneSimulator.ActiveCfg = Mock|iPhoneSimulator
		{AB4F66FB-8412-4B06-8BBD-51AEEF44594C}.Mock|iPhoneSimulator.Build.0 = Mock|iPhoneSimulator
		{AB4F66FB-8412-4B06-8BBD-51AEEF44594C}.Mock|iPhone.ActiveCfg = Mock|iPhone
		{AB4F66FB-8412-4B06-8BBD-51AEEF44594C}.Mock|iPhone.Build.0 = Mock|iPhone
		{53D14B26-0147-4EF8-B23B-8E986539E89B}.Debug|Any CPU.ActiveCfg = Debug|Any CPU
		{53D14B26-0147-4EF8-B23B-8E986539E89B}.Debug|Any CPU.Build.0 = Debug|Any CPU
		{53D14B26-0147-4EF8-B23B-8E986539E89B}.Release|Any CPU.ActiveCfg = Release|Any CPU
		{53D14B26-0147-4EF8-B23B-8E986539E89B}.Mock|Any CPU.ActiveCfg = Mock|Any CPU
		{53D14B26-0147-4EF8-B23B-8E986539E89B}.Mock|Any CPU.Build.0 = Mock|Any CPU
		{53D14B26-0147-4EF8-B23B-8E986539E89B}.Debug|iPhoneSimulator.ActiveCfg = Debug|Any CPU
		{53D14B26-0147-4EF8-B23B-8E986539E89B}.Debug|iPhoneSimulator.Build.0 = Debug|Any CPU
		{53D14B26-0147-4EF8-B23B-8E986539E89B}.Release|iPhoneSimulator.ActiveCfg = Release|Any CPU
		{53D14B26-0147-4EF8-B23B-8E986539E89B}.Release|iPhoneSimulator.Build.0 = Release|Any CPU
		{53D14B26-0147-4EF8-B23B-8E986539E89B}.Debug|iPhone.ActiveCfg = Debug|Any CPU
		{53D14B26-0147-4EF8-B23B-8E986539E89B}.Release|iPhone.ActiveCfg = Release|Any CPU
		{53D14B26-0147-4EF8-B23B-8E986539E89B}.Ad-Hoc|iPhone.ActiveCfg = Debug|Any CPU
		{53D14B26-0147-4EF8-B23B-8E986539E89B}.Ad-Hoc|iPhone.Build.0 = Debug|Any CPU
		{53D14B26-0147-4EF8-B23B-8E986539E89B}.AppStore|iPhone.ActiveCfg = Debug|Any CPU
		{53D14B26-0147-4EF8-B23B-8E986539E89B}.AppStore|iPhone.Build.0 = Debug|Any CPU
		{53D14B26-0147-4EF8-B23B-8E986539E89B}.Mock|iPhoneSimulator.ActiveCfg = Mock|Any CPU
		{53D14B26-0147-4EF8-B23B-8E986539E89B}.Mock|iPhoneSimulator.Build.0 = Mock|Any CPU
		{53D14B26-0147-4EF8-B23B-8E986539E89B}.Mock|iPhone.ActiveCfg = Mock|Any CPU
		{53D14B26-0147-4EF8-B23B-8E986539E89B}.Mock|iPhone.Build.0 = Mock|Any CPU
		{505B4CDF-1A6C-47A1-8469-89FA40469EE3}.Debug|Any CPU.ActiveCfg = Debug|Any CPU
		{505B4CDF-1A6C-47A1-8469-89FA40469EE3}.Debug|Any CPU.Build.0 = Debug|Any CPU
		{505B4CDF-1A6C-47A1-8469-89FA40469EE3}.Release|Any CPU.ActiveCfg = Release|Any CPU
		{505B4CDF-1A6C-47A1-8469-89FA40469EE3}.Release|Any CPU.Build.0 = Release|Any CPU
		{505B4CDF-1A6C-47A1-8469-89FA40469EE3}.Mock|Any CPU.ActiveCfg = Mock|Any CPU
		{505B4CDF-1A6C-47A1-8469-89FA40469EE3}.Mock|Any CPU.Build.0 = Mock|Any CPU
		{505B4CDF-1A6C-47A1-8469-89FA40469EE3}.Debug|iPhoneSimulator.ActiveCfg = Debug|Any CPU
		{505B4CDF-1A6C-47A1-8469-89FA40469EE3}.Debug|iPhoneSimulator.Build.0 = Debug|Any CPU
		{505B4CDF-1A6C-47A1-8469-89FA40469EE3}.Release|iPhoneSimulator.ActiveCfg = Release|Any CPU
		{505B4CDF-1A6C-47A1-8469-89FA40469EE3}.Release|iPhoneSimulator.Build.0 = Release|Any CPU
		{505B4CDF-1A6C-47A1-8469-89FA40469EE3}.Debug|iPhone.ActiveCfg = Debug|Any CPU
		{505B4CDF-1A6C-47A1-8469-89FA40469EE3}.Debug|iPhone.Build.0 = Debug|Any CPU
		{505B4CDF-1A6C-47A1-8469-89FA40469EE3}.Release|iPhone.ActiveCfg = Release|Any CPU
		{505B4CDF-1A6C-47A1-8469-89FA40469EE3}.Release|iPhone.Build.0 = Release|Any CPU
		{505B4CDF-1A6C-47A1-8469-89FA40469EE3}.Ad-Hoc|iPhone.ActiveCfg = Debug|Any CPU
		{505B4CDF-1A6C-47A1-8469-89FA40469EE3}.Ad-Hoc|iPhone.Build.0 = Debug|Any CPU
		{505B4CDF-1A6C-47A1-8469-89FA40469EE3}.AppStore|iPhone.ActiveCfg = Debug|Any CPU
		{505B4CDF-1A6C-47A1-8469-89FA40469EE3}.AppStore|iPhone.Build.0 = Debug|Any CPU
		{505B4CDF-1A6C-47A1-8469-89FA40469EE3}.Mock|iPhoneSimulator.ActiveCfg = Mock|Any CPU
		{505B4CDF-1A6C-47A1-8469-89FA40469EE3}.Mock|iPhoneSimulator.Build.0 = Mock|Any CPU
		{505B4CDF-1A6C-47A1-8469-89FA40469EE3}.Mock|iPhone.ActiveCfg = Mock|Any CPU
		{505B4CDF-1A6C-47A1-8469-89FA40469EE3}.Mock|iPhone.Build.0 = Mock|Any CPU
		{EE2916CD-FE7D-4D21-A875-FA7D96C796D2}.Debug|Any CPU.ActiveCfg = Debug|Any CPU
		{EE2916CD-FE7D-4D21-A875-FA7D96C796D2}.Debug|Any CPU.Build.0 = Debug|Any CPU
		{EE2916CD-FE7D-4D21-A875-FA7D96C796D2}.Release|Any CPU.ActiveCfg = Release|Any CPU
		{EE2916CD-FE7D-4D21-A875-FA7D96C796D2}.Release|Any CPU.Build.0 = Release|Any CPU
		{EE2916CD-FE7D-4D21-A875-FA7D96C796D2}.Mock|Any CPU.ActiveCfg = Mock|Any CPU
		{EE2916CD-FE7D-4D21-A875-FA7D96C796D2}.Mock|Any CPU.Build.0 = Mock|Any CPU
		{EE2916CD-FE7D-4D21-A875-FA7D96C796D2}.Debug|iPhoneSimulator.ActiveCfg = Debug|Any CPU
		{EE2916CD-FE7D-4D21-A875-FA7D96C796D2}.Debug|iPhoneSimulator.Build.0 = Debug|Any CPU
		{EE2916CD-FE7D-4D21-A875-FA7D96C796D2}.Release|iPhoneSimulator.ActiveCfg = Release|Any CPU
		{EE2916CD-FE7D-4D21-A875-FA7D96C796D2}.Release|iPhoneSimulator.Build.0 = Release|Any CPU
		{EE2916CD-FE7D-4D21-A875-FA7D96C796D2}.Debug|iPhone.ActiveCfg = Debug|Any CPU
		{EE2916CD-FE7D-4D21-A875-FA7D96C796D2}.Debug|iPhone.Build.0 = Debug|Any CPU
		{EE2916CD-FE7D-4D21-A875-FA7D96C796D2}.Release|iPhone.ActiveCfg = Release|Any CPU
		{EE2916CD-FE7D-4D21-A875-FA7D96C796D2}.Release|iPhone.Build.0 = Release|Any CPU
		{EE2916CD-FE7D-4D21-A875-FA7D96C796D2}.Ad-Hoc|iPhone.ActiveCfg = Debug|Any CPU
		{EE2916CD-FE7D-4D21-A875-FA7D96C796D2}.Ad-Hoc|iPhone.Build.0 = Debug|Any CPU
		{EE2916CD-FE7D-4D21-A875-FA7D96C796D2}.AppStore|iPhone.ActiveCfg = Debug|Any CPU
		{EE2916CD-FE7D-4D21-A875-FA7D96C796D2}.AppStore|iPhone.Build.0 = Debug|Any CPU
		{EE2916CD-FE7D-4D21-A875-FA7D96C796D2}.Mock|iPhoneSimulator.ActiveCfg = Mock|Any CPU
		{EE2916CD-FE7D-4D21-A875-FA7D96C796D2}.Mock|iPhoneSimulator.Build.0 = Mock|Any CPU
		{EE2916CD-FE7D-4D21-A875-FA7D96C796D2}.Mock|iPhone.ActiveCfg = Mock|Any CPU
		{EE2916CD-FE7D-4D21-A875-FA7D96C796D2}.Mock|iPhone.Build.0 = Mock|Any CPU
		{76C1799A-21B4-41AA-94ED-9E131873815D}.Debug|Any CPU.ActiveCfg = Debug|Any CPU
		{76C1799A-21B4-41AA-94ED-9E131873815D}.Debug|Any CPU.Build.0 = Debug|Any CPU
		{76C1799A-21B4-41AA-94ED-9E131873815D}.Release|Any CPU.ActiveCfg = Release|Any CPU
		{76C1799A-21B4-41AA-94ED-9E131873815D}.Release|Any CPU.Build.0 = Release|Any CPU
		{76C1799A-21B4-41AA-94ED-9E131873815D}.Mock|Any CPU.ActiveCfg = Mock|Any CPU
		{76C1799A-21B4-41AA-94ED-9E131873815D}.Mock|Any CPU.Build.0 = Mock|Any CPU
		{76C1799A-21B4-41AA-94ED-9E131873815D}.Debug|iPhoneSimulator.ActiveCfg = Debug|Any CPU
		{76C1799A-21B4-41AA-94ED-9E131873815D}.Debug|iPhoneSimulator.Build.0 = Debug|Any CPU
		{76C1799A-21B4-41AA-94ED-9E131873815D}.Release|iPhoneSimulator.ActiveCfg = Release|Any CPU
		{76C1799A-21B4-41AA-94ED-9E131873815D}.Release|iPhoneSimulator.Build.0 = Release|Any CPU
		{76C1799A-21B4-41AA-94ED-9E131873815D}.Debug|iPhone.ActiveCfg = Debug|Any CPU
		{76C1799A-21B4-41AA-94ED-9E131873815D}.Debug|iPhone.Build.0 = Debug|Any CPU
		{76C1799A-21B4-41AA-94ED-9E131873815D}.Release|iPhone.ActiveCfg = Release|Any CPU
		{76C1799A-21B4-41AA-94ED-9E131873815D}.Release|iPhone.Build.0 = Release|Any CPU
		{76C1799A-21B4-41AA-94ED-9E131873815D}.Ad-Hoc|iPhone.ActiveCfg = Release|Any CPU
		{76C1799A-21B4-41AA-94ED-9E131873815D}.Ad-Hoc|iPhone.Build.0 = Release|Any CPU
		{76C1799A-21B4-41AA-94ED-9E131873815D}.AppStore|iPhone.ActiveCfg = Release|Any CPU
		{76C1799A-21B4-41AA-94ED-9E131873815D}.AppStore|iPhone.Build.0 = Release|Any CPU
		{76C1799A-21B4-41AA-94ED-9E131873815D}.Mock|iPhoneSimulator.ActiveCfg = Mock|Any CPU
		{76C1799A-21B4-41AA-94ED-9E131873815D}.Mock|iPhoneSimulator.Build.0 = Mock|Any CPU
		{76C1799A-21B4-41AA-94ED-9E131873815D}.Mock|iPhone.ActiveCfg = Mock|Any CPU
		{76C1799A-21B4-41AA-94ED-9E131873815D}.Mock|iPhone.Build.0 = Mock|Any CPU
		{C40267E1-F1FE-4D9C-A589-3B2C07E0785E}.Debug|Any CPU.ActiveCfg = Debug|Any CPU
		{C40267E1-F1FE-4D9C-A589-3B2C07E0785E}.Debug|Any CPU.Build.0 = Debug|Any CPU
		{C40267E1-F1FE-4D9C-A589-3B2C07E0785E}.Release|Any CPU.ActiveCfg = Release|Any CPU
		{C40267E1-F1FE-4D9C-A589-3B2C07E0785E}.Release|Any CPU.Build.0 = Release|Any CPU
		{C40267E1-F1FE-4D9C-A589-3B2C07E0785E}.Mock|Any CPU.ActiveCfg = Mock|Any CPU
		{C40267E1-F1FE-4D9C-A589-3B2C07E0785E}.Mock|Any CPU.Build.0 = Mock|Any CPU
		{C40267E1-F1FE-4D9C-A589-3B2C07E0785E}.Debug|iPhoneSimulator.ActiveCfg = Debug|Any CPU
		{C40267E1-F1FE-4D9C-A589-3B2C07E0785E}.Debug|iPhoneSimulator.Build.0 = Debug|Any CPU
		{C40267E1-F1FE-4D9C-A589-3B2C07E0785E}.Release|iPhoneSimulator.ActiveCfg = Release|Any CPU
		{C40267E1-F1FE-4D9C-A589-3B2C07E0785E}.Release|iPhoneSimulator.Build.0 = Release|Any CPU
		{C40267E1-F1FE-4D9C-A589-3B2C07E0785E}.Debug|iPhone.ActiveCfg = Debug|Any CPU
		{C40267E1-F1FE-4D9C-A589-3B2C07E0785E}.Debug|iPhone.Build.0 = Debug|Any CPU
		{C40267E1-F1FE-4D9C-A589-3B2C07E0785E}.Release|iPhone.ActiveCfg = Release|Any CPU
		{C40267E1-F1FE-4D9C-A589-3B2C07E0785E}.Release|iPhone.Build.0 = Release|Any CPU
		{C40267E1-F1FE-4D9C-A589-3B2C07E0785E}.Ad-Hoc|iPhone.ActiveCfg = Release|Any CPU
		{C40267E1-F1FE-4D9C-A589-3B2C07E0785E}.Ad-Hoc|iPhone.Build.0 = Release|Any CPU
		{C40267E1-F1FE-4D9C-A589-3B2C07E0785E}.AppStore|iPhone.ActiveCfg = Release|Any CPU
		{C40267E1-F1FE-4D9C-A589-3B2C07E0785E}.AppStore|iPhone.Build.0 = Release|Any CPU
		{C40267E1-F1FE-4D9C-A589-3B2C07E0785E}.Mock|iPhoneSimulator.ActiveCfg = Mock|Any CPU
		{C40267E1-F1FE-4D9C-A589-3B2C07E0785E}.Mock|iPhoneSimulator.Build.0 = Mock|Any CPU
		{C40267E1-F1FE-4D9C-A589-3B2C07E0785E}.Mock|iPhone.ActiveCfg = Mock|Any CPU
		{C40267E1-F1FE-4D9C-A589-3B2C07E0785E}.Mock|iPhone.Build.0 = Mock|Any CPU
		{956664B8-24E9-4680-B4A2-EA26822D2173}.Debug|Any CPU.ActiveCfg = Debug|Any CPU
		{956664B8-24E9-4680-B4A2-EA26822D2173}.Debug|Any CPU.Build.0 = Debug|Any CPU
		{956664B8-24E9-4680-B4A2-EA26822D2173}.Release|Any CPU.ActiveCfg = Release|Any CPU
		{956664B8-24E9-4680-B4A2-EA26822D2173}.Release|Any CPU.Build.0 = Release|Any CPU
		{956664B8-24E9-4680-B4A2-EA26822D2173}.Mock|Any CPU.ActiveCfg = Mock|Any CPU
		{956664B8-24E9-4680-B4A2-EA26822D2173}.Mock|Any CPU.Build.0 = Mock|Any CPU
		{956664B8-24E9-4680-B4A2-EA26822D2173}.Debug|iPhoneSimulator.ActiveCfg = Debug|Any CPU
		{956664B8-24E9-4680-B4A2-EA26822D2173}.Debug|iPhoneSimulator.Build.0 = Debug|Any CPU
		{956664B8-24E9-4680-B4A2-EA26822D2173}.Release|iPhoneSimulator.ActiveCfg = Release|Any CPU
		{956664B8-24E9-4680-B4A2-EA26822D2173}.Release|iPhoneSimulator.Build.0 = Release|Any CPU
		{956664B8-24E9-4680-B4A2-EA26822D2173}.Debug|iPhone.ActiveCfg = Debug|Any CPU
		{956664B8-24E9-4680-B4A2-EA26822D2173}.Debug|iPhone.Build.0 = Debug|Any CPU
		{956664B8-24E9-4680-B4A2-EA26822D2173}.Release|iPhone.ActiveCfg = Release|Any CPU
		{956664B8-24E9-4680-B4A2-EA26822D2173}.Release|iPhone.Build.0 = Release|Any CPU
		{956664B8-24E9-4680-B4A2-EA26822D2173}.Ad-Hoc|iPhone.ActiveCfg = Debug|Any CPU
		{956664B8-24E9-4680-B4A2-EA26822D2173}.Ad-Hoc|iPhone.Build.0 = Debug|Any CPU
		{956664B8-24E9-4680-B4A2-EA26822D2173}.AppStore|iPhone.ActiveCfg = Debug|Any CPU
		{956664B8-24E9-4680-B4A2-EA26822D2173}.AppStore|iPhone.Build.0 = Debug|Any CPU
		{956664B8-24E9-4680-B4A2-EA26822D2173}.Mock|iPhoneSimulator.ActiveCfg = Mock|Any CPU
		{956664B8-24E9-4680-B4A2-EA26822D2173}.Mock|iPhoneSimulator.Build.0 = Mock|Any CPU
		{956664B8-24E9-4680-B4A2-EA26822D2173}.Mock|iPhone.ActiveCfg = Mock|Any CPU
		{956664B8-24E9-4680-B4A2-EA26822D2173}.Mock|iPhone.Build.0 = Mock|Any CPU
		{36FD22C3-10B5-4A62-83F7-58FF089A2CB9}.Debug|Any CPU.ActiveCfg = Debug|Any CPU
		{36FD22C3-10B5-4A62-83F7-58FF089A2CB9}.Debug|Any CPU.Build.0 = Debug|Any CPU
		{36FD22C3-10B5-4A62-83F7-58FF089A2CB9}.Release|Any CPU.ActiveCfg = Release|Any CPU
		{36FD22C3-10B5-4A62-83F7-58FF089A2CB9}.Mock|Any CPU.ActiveCfg = Mock|Any CPU
		{36FD22C3-10B5-4A62-83F7-58FF089A2CB9}.Mock|Any CPU.Build.0 = Mock|Any CPU
		{36FD22C3-10B5-4A62-83F7-58FF089A2CB9}.Debug|iPhoneSimulator.ActiveCfg = Debug|Any CPU
		{36FD22C3-10B5-4A62-83F7-58FF089A2CB9}.Debug|iPhoneSimulator.Build.0 = Debug|Any CPU
		{36FD22C3-10B5-4A62-83F7-58FF089A2CB9}.Release|iPhoneSimulator.ActiveCfg = Release|Any CPU
		{36FD22C3-10B5-4A62-83F7-58FF089A2CB9}.Release|iPhoneSimulator.Build.0 = Release|Any CPU
		{36FD22C3-10B5-4A62-83F7-58FF089A2CB9}.Debug|iPhone.ActiveCfg = Debug|Any CPU
		{36FD22C3-10B5-4A62-83F7-58FF089A2CB9}.Release|iPhone.ActiveCfg = Release|Any CPU
		{36FD22C3-10B5-4A62-83F7-58FF089A2CB9}.Ad-Hoc|iPhone.ActiveCfg = Debug|Any CPU
		{36FD22C3-10B5-4A62-83F7-58FF089A2CB9}.Ad-Hoc|iPhone.Build.0 = Debug|Any CPU
		{36FD22C3-10B5-4A62-83F7-58FF089A2CB9}.AppStore|iPhone.ActiveCfg = Debug|Any CPU
		{36FD22C3-10B5-4A62-83F7-58FF089A2CB9}.AppStore|iPhone.Build.0 = Debug|Any CPU
		{36FD22C3-10B5-4A62-83F7-58FF089A2CB9}.Mock|iPhoneSimulator.ActiveCfg = Mock|Any CPU
		{36FD22C3-10B5-4A62-83F7-58FF089A2CB9}.Mock|iPhoneSimulator.Build.0 = Mock|Any CPU
		{36FD22C3-10B5-4A62-83F7-58FF089A2CB9}.Mock|iPhone.ActiveCfg = Mock|Any CPU
		{36FD22C3-10B5-4A62-83F7-58FF089A2CB9}.Mock|iPhone.Build.0 = Mock|Any CPU
	EndGlobalSection
	GlobalSection(NestedProjects) = preSolution
		{3DE5A141-CA14-4CB9-85EB-F6EF173216FB} = {BD483B8E-2A32-4D46-BE71-CA8AB697EC9A}
		{AB4F66FB-8412-4B06-8BBD-51AEEF44594C} = {BD483B8E-2A32-4D46-BE71-CA8AB697EC9A}
		{53D14B26-0147-4EF8-B23B-8E986539E89B} = {8026BD9E-A8F4-47C1-A6C7-F46DF97A973E}
		{36FD22C3-10B5-4A62-83F7-58FF089A2CB9} = {8026BD9E-A8F4-47C1-A6C7-F46DF97A973E}
	EndGlobalSection
EndGlobal
